<?xml version="1.0" encoding="utf-8"?>
<Project ToolsVersion="4.0" xmlns="http://schemas.microsoft.com/developer/msbuild/2003">
  <ItemGroup>
    <Filter Include="源文件">
      <UniqueIdentifier>{4FC737F1-C7A5-4376-A066-2A32D752A2FF}</UniqueIdentifier>
      <Extensions>cpp;c;cc;cxx;def;odl;idl;hpj;bat;asm;asmx</Extensions>
    </Filter>
    <Filter Include="头文件">
      <UniqueIdentifier>{93995380-89BD-4b04-88EB-625FBE52EBFB}</UniqueIdentifier>
      <Extensions>h;hpp;hxx;hm;inl;inc;xsd</Extensions>
    </Filter>
    <Filter Include="资源文件">
      <UniqueIdentifier>{67DA6AB6-F800-4c08-8B7A-83BB121AAD01}</UniqueIdentifier>
      <Extensions>rc;ico;cur;bmp;dlg;rc2;rct;bin;rgs;gif;jpg;jpeg;jpe;resx;tiff;tif;png;wav;mfcribbon-ms</Extensions>
    </Filter>
  </ItemGroup>
  <ItemGroup>
    <None Include="ReadMe.txt" />
    <None Include="UserImages.bmp">
      <Filter>资源文件</Filter>
    </None>
    <None Include="res\GProjectDemo2.rc2">
      <Filter>资源文件</Filter>
    </None>
    <None Include="res\GProjectDemo2Doc.ico">
      <Filter>资源文件</Filter>
    </None>
    <None Include="res\GProjectDemo2.ico">
      <Filter>资源文件</Filter>
    </None>
    <None Include="res\Toolbar.bmp">
      <Filter>资源文件</Filter>
    </None>
    <None Include="res\Toolbar256.bmp">
      <Filter>资源文件</Filter>
    </None>
    <None Include="ClassDiagram1.cd" />
  </ItemGroup>
  <ItemGroup>
    <ClInclude Include="GProjectDemo2.h">
      <Filter>头文件</Filter>
    </ClInclude>
    <ClInclude Include="stdafx.h">
      <Filter>头文件</Filter>
    </ClInclude>
    <ClInclude Include="targetver.h">
      <Filter>头文件</Filter>
    </ClInclude>
    <ClInclude Include="MainFrm.h">
      <Filter>头文件</Filter>
    </ClInclude>
    <ClInclude Include="GProjectDemo2Doc.h">
      <Filter>头文件</Filter>
    </ClInclude>
    <ClInclude Include="GProjectDemo2View.h">
      <Filter>头文件</Filter>
    </ClInclude>
    <ClInclude Include="Resource.h">
      <Filter>头文件</Filter>
    </ClInclude>
    <ClInclude Include="src\DbClass\h\CreateSqlTool.h">
      <Filter>头文件</Filter>
    </ClInclude>
    <ClInclude Include="src\DbClass\h\DataBase.h">
      <Filter>头文件</Filter>
    </ClInclude>
    <ClInclude Include="src\DbClass\h\DBConnect.h">
      <Filter>头文件</Filter>
    </ClInclude>
    <ClInclude Include="src\DbClass\h\DBConnPool.h">
      <Filter>头文件</Filter>
    </ClInclude>
    <ClInclude Include="src\DbClass\h\DBHelper.h">
      <Filter>头文件</Filter>
    </ClInclude>
    <ClInclude Include="src\ExcelClass\h\CApplication.h">
      <Filter>头文件</Filter>
    </ClInclude>
    <ClInclude Include="src\ExcelClass\h\CRange.h">
      <Filter>头文件</Filter>
    </ClInclude>
    <ClInclude Include="src\ExcelClass\h\CWorkbook.h">
      <Filter>头文件</Filter>
    </ClInclude>
    <ClInclude Include="src\ExcelClass\h\CWorkbooks.h">
      <Filter>头文件</Filter>
    </ClInclude>
    <ClInclude Include="src\ExcelClass\h\CWorksheet.h">
      <Filter>头文件</Filter>
    </ClInclude>
    <ClInclude Include="src\ExcelClass\h\CWorksheets.h">
      <Filter>头文件</Filter>
    </ClInclude>
    <ClInclude Include="src\ExcelClass\h\OperateExcelFileTool.h">
      <Filter>头文件</Filter>
    </ClInclude>
    <ClInclude Include="src\MapxClass\h\MAPX.H">
      <Filter>头文件</Filter>
    </ClInclude>
    <ClInclude Include="src\ObjectClass\h\AntannaTypeDefine.h">
      <Filter>头文件</Filter>
    </ClInclude>
    <ClInclude Include="src\ObjectClass\h\Area.h">
      <Filter>头文件</Filter>
    </ClInclude>
    <ClInclude Include="src\ObjectClass\h\AreaGrid.h">
      <Filter>头文件</Filter>
    </ClInclude>
    <ClInclude Include="src\ObjectClass\h\Building.h">
      <Filter>头文件</Filter>
    </ClInclude>
    <ClInclude Include="src\ObjectClass\h\BuildingArea.h">
      <Filter>头文件</Filter>
    </ClInclude>
    <ClInclude Include="src\ObjectClass\h\BuildingBuildingPoint.h">
      <Filter>头文件</Filter>
    </ClInclude>
    <ClInclude Include="src\ObjectClass\h\BuildingGrid.h">
      <Filter>头文件</Filter>
    </ClInclude>
    <ClInclude Include="src\ObjectClass\h\BuildingMaterial.h">
      <Filter>头文件</Filter>
    </ClInclude>
    <ClInclude Include="src\ObjectClass\h\BuildingPoint.h">
      <Filter>头文件</Filter>
    </ClInclude>
    <ClInclude Include="src\ObjectClass\h\BuildingPointParamObject.h">
      <Filter>头文件</Filter>
    </ClInclude>
    <ClInclude Include="src\ObjectClass\h\CoverTypeDefine.h">
      <Filter>头文件</Filter>
    </ClInclude>
    <ClInclude Include="src\ObjectClass\h\FreqTypeDefine.h">
      <Filter>头文件</Filter>
    </ClInclude>
    <ClInclude Include="src\ObjectClass\h\Grid.h">
      <Filter>头文件</Filter>
    </ClInclude>
    <ClInclude Include="src\ObjectClass\h\GridStrengthObject.h">
      <Filter>头文件</Filter>
    </ClInclude>
    <ClInclude Include="src\ObjectClass\h\RTData.h">
      <Filter>头文件</Filter>
    </ClInclude>
    <ClInclude Include="src\toolClass\h\ChangeTypeTool.h">
      <Filter>头文件</Filter>
    </ClInclude>
    <ClInclude Include="src\toolClass\h\GetDistanceTool.h">
      <Filter>头文件</Filter>
    </ClInclude>
    <ClInclude Include="src\toolClass\h\GetLonLatBoundsTool.h">
      <Filter>头文件</Filter>
    </ClInclude>
    <ClInclude Include="src\toolClass\h\GetStrongestStrength.h">
      <Filter>头文件</Filter>
    </ClInclude>
    <ClInclude Include="src\toolClass\h\GridBSDistanceCal.h">
      <Filter>头文件</Filter>
    </ClInclude>
    <ClInclude Include="src\toolClass\h\InsertRTGridIdTool.h">
      <Filter>头文件</Filter>
    </ClInclude>
    <ClInclude Include="src\toolClass\h\MakeGrid.h">
      <Filter>头文件</Filter>
    </ClInclude>
    <ClInclude Include="src\toolClass\h\MakeGridFileTool.h">
      <Filter>头文件</Filter>
    </ClInclude>
    <ClInclude Include="src\toolClass\h\PutXY.h">
      <Filter>头文件</Filter>
    </ClInclude>
    <ClInclude Include="src\toolClass\h\RecordAreaGridIntersectionTool.h">
      <Filter>头文件</Filter>
    </ClInclude>
    <ClInclude Include="src\toolClass\h\RecordAreaInfoTool.h">
      <Filter>头文件</Filter>
    </ClInclude>
    <ClInclude Include="src\toolClass\h\RecordBuildingPointTool.h">
      <Filter>头文件</Filter>
    </ClInclude>
    <ClInclude Include="src\toolClass\h\RecordGridBuildingIntersectionTool.h">
      <Filter>头文件</Filter>
    </ClInclude>
    <ClInclude Include="src\toolClass\h\RecordGridInfoTool.h">
      <Filter>头文件</Filter>
    </ClInclude>
    <ClInclude Include="src\toolClass\h\RecordRTData.h">
      <Filter>头文件</Filter>
    </ClInclude>
    <ClInclude Include="src\toolClass\h\SetGridColorTool.h">
      <Filter>头文件</Filter>
    </ClInclude>
    <ClInclude Include="src\toolClass\h\StringParser.h">
      <Filter>头文件</Filter>
    </ClInclude>
    <ClInclude Include="src\zhangzheClass\h\complex.h">
      <Filter>头文件</Filter>
    </ClInclude>
    <ClInclude Include="src\zhangzheClass\h\findGrid.h">
      <Filter>头文件</Filter>
    </ClInclude>
    <ClInclude Include="src\zhangzheClass\h\firstReflectionNew.h">
      <Filter>头文件</Filter>
    </ClInclude>
    <ClInclude Include="src\zhangzheClass\h\gridPower.h">
      <Filter>头文件</Filter>
    </ClInclude>
    <ClInclude Include="src\zhangzheClass\h\line.h">
      <Filter>头文件</Filter>
    </ClInclude>
    <ClInclude Include="src\zhangzheClass\h\MyPoint.h">
      <Filter>头文件</Filter>
    </ClInclude>
    <ClInclude Include="src\zhangzheClass\h\rayInit.h">
      <Filter>头文件</Filter>
    </ClInclude>
    <ClInclude Include="src\zhangzheClass\h\rayManage.h">
      <Filter>头文件</Filter>
    </ClInclude>
    <ClInclude Include="src\zhangzheClass\h\rayPath.h">
      <Filter>头文件</Filter>
    </ClInclude>
    <ClInclude Include="src\zhangzheClass\h\shootingRay.h">
      <Filter>头文件</Filter>
    </ClInclude>
    <ClInclude Include="src\zhangzheClass\h\Staining.h">
      <Filter>头文件</Filter>
    </ClInclude>
    <ClInclude Include="src\zhangzheClass\h\gridPowerResult.h">
      <Filter>头文件</Filter>
    </ClInclude>
  </ItemGroup>
  <ItemGroup>
    <ClCompile Include="GProjectDemo2.cpp">
      <Filter>源文件</Filter>
    </ClCompile>
    <ClCompile Include="stdafx.cpp">
      <Filter>源文件</Filter>
    </ClCompile>
    <ClCompile Include="MainFrm.cpp">
      <Filter>源文件</Filter>
    </ClCompile>
    <ClCompile Include="GProjectDemo2Doc.cpp">
      <Filter>源文件</Filter>
    </ClCompile>
    <ClCompile Include="GProjectDemo2View.cpp">
      <Filter>源文件</Filter>
    </ClCompile>
    <ClCompile Include="src\zhangzheClass\cpp\complex.cpp">
      <Filter>源文件</Filter>
    </ClCompile>
    <ClCompile Include="src\zhangzheClass\cpp\findGrid.cpp">
      <Filter>源文件</Filter>
    </ClCompile>
    <ClCompile Include="src\zhangzheClass\cpp\firstReflectionNew.cpp">
      <Filter>源文件</Filter>
    </ClCompile>
    <ClCompile Include="src\zhangzheClass\cpp\gridPower.cpp">
      <Filter>源文件</Filter>
    </ClCompile>
    <ClCompile Include="src\zhangzheClass\cpp\rayInit.cpp">
      <Filter>源文件</Filter>
    </ClCompile>
    <ClCompile Include="src\zhangzheClass\cpp\rayManage.cpp">
      <Filter>源文件</Filter>
    </ClCompile>
    <ClCompile Include="src\zhangzheClass\cpp\shootingRay.cpp">
      <Filter>源文件</Filter>
    </ClCompile>
    <ClCompile Include="src\zhangzheClass\cpp\Staining.cpp">
      <Filter>源文件</Filter>
    </ClCompile>
    <ClCompile Include="src\toolClass\cpp\ChangeTypeTool.cpp">
      <Filter>源文件</Filter>
    </ClCompile>
    <ClCompile Include="src\toolClass\cpp\GetDistanceTool.cpp">
      <Filter>源文件</Filter>
    </ClCompile>
    <ClCompile Include="src\toolClass\cpp\GetLonLatBoundsTool.cpp">
      <Filter>源文件</Filter>
    </ClCompile>
    <ClCompile Include="src\toolClass\cpp\GetStrongestStrength.cpp">
      <Filter>源文件</Filter>
    </ClCompile>
    <ClCompile Include="src\toolClass\cpp\GridBSDistanceCal.cpp">
      <Filter>源文件</Filter>
    </ClCompile>
    <ClCompile Include="src\toolClass\cpp\InsertRTGridIdTool.cpp">
      <Filter>源文件</Filter>
    </ClCompile>
    <ClCompile Include="src\toolClass\cpp\MakeGrid.cpp">
      <Filter>源文件</Filter>
    </ClCompile>
    <ClCompile Include="src\toolClass\cpp\MakeGridFileTool.cpp">
      <Filter>源文件</Filter>
    </ClCompile>
    <ClCompile Include="src\toolClass\cpp\PutXY.cpp">
      <Filter>源文件</Filter>
    </ClCompile>
    <ClCompile Include="src\toolClass\cpp\RecordAreaGridIntersectionTool.cpp">
      <Filter>源文件</Filter>
    </ClCompile>
    <ClCompile Include="src\toolClass\cpp\RecordAreaInfoTool.cpp">
      <Filter>源文件</Filter>
    </ClCompile>
    <ClCompile Include="src\toolClass\cpp\RecordBuildingPointTool.cpp">
      <Filter>源文件</Filter>
    </ClCompile>
    <ClCompile Include="src\toolClass\cpp\RecordGridBuildingIntersectionTool.cpp">
      <Filter>源文件</Filter>
    </ClCompile>
    <ClCompile Include="src\toolClass\cpp\RecordGridInfoTool.cpp">
      <Filter>源文件</Filter>
    </ClCompile>
    <ClCompile Include="src\toolClass\cpp\RecordRTData.cpp">
      <Filter>源文件</Filter>
    </ClCompile>
    <ClCompile Include="src\toolClass\cpp\SetGridColorTool.cpp">
      <Filter>源文件</Filter>
    </ClCompile>
    <ClCompile Include="src\toolClass\cpp\StringParser.cpp">
      <Filter>源文件</Filter>
    </ClCompile>
    <ClCompile Include="src\ObjectClass\cpp\AntannaTypeDefine.cpp">
      <Filter>源文件</Filter>
    </ClCompile>
    <ClCompile Include="src\ObjectClass\cpp\Area.cpp">
      <Filter>源文件</Filter>
    </ClCompile>
    <ClCompile Include="src\ObjectClass\cpp\AreaGrid.cpp">
      <Filter>源文件</Filter>
    </ClCompile>
    <ClCompile Include="src\ObjectClass\cpp\Building.cpp">
      <Filter>源文件</Filter>
    </ClCompile>
    <ClCompile Include="src\ObjectClass\cpp\BuildingArea.cpp">
      <Filter>源文件</Filter>
    </ClCompile>
    <ClCompile Include="src\ObjectClass\cpp\BuildingBuildingPoint.cpp">
      <Filter>源文件</Filter>
    </ClCompile>
    <ClCompile Include="src\ObjectClass\cpp\BuildingGrid.cpp">
      <Filter>源文件</Filter>
    </ClCompile>
    <ClCompile Include="src\ObjectClass\cpp\BuildingMaterial.cpp">
      <Filter>源文件</Filter>
    </ClCompile>
    <ClCompile Include="src\ObjectClass\cpp\BuildingPoint.cpp">
      <Filter>源文件</Filter>
    </ClCompile>
    <ClCompile Include="src\ObjectClass\cpp\BuildingPointParamObject.cpp">
      <Filter>源文件</Filter>
    </ClCompile>
    <ClCompile Include="src\ObjectClass\cpp\CoverTypeDefine.cpp">
      <Filter>源文件</Filter>
    </ClCompile>
    <ClCompile Include="src\ObjectClass\cpp\FreqTypeDefine.cpp">
      <Filter>源文件</Filter>
    </ClCompile>
    <ClCompile Include="src\ObjectClass\cpp\Grid.cpp">
      <Filter>源文件</Filter>
    </ClCompile>
    <ClCompile Include="src\ObjectClass\cpp\GridStrengthObject.cpp">
      <Filter>源文件</Filter>
    </ClCompile>
    <ClCompile Include="src\ObjectClass\cpp\RTData.cpp">
      <Filter>源文件</Filter>
    </ClCompile>
    <ClCompile Include="src\MapxClass\cpp\MAPX.CPP">
      <Filter>源文件</Filter>
    </ClCompile>
    <ClCompile Include="src\ExcelClass\cpp\OperateExcelFileTool.cpp">
      <Filter>源文件</Filter>
    </ClCompile>
    <ClCompile Include="src\DbClass\cpp\CreateSqlTool.cpp">
      <Filter>源文件</Filter>
    </ClCompile>
    <ClCompile Include="src\DbClass\cpp\DataBase.cpp">
      <Filter>源文件</Filter>
    </ClCompile>
    <ClCompile Include="src\DbClass\cpp\DBConnect.cpp">
      <Filter>源文件</Filter>
    </ClCompile>
    <ClCompile Include="src\DbClass\cpp\DBConnPool.cpp">
      <Filter>源文件</Filter>
    </ClCompile>
    <ClCompile Include="src\DbClass\cpp\DBHelper.cpp">
      <Filter>源文件</Filter>
    </ClCompile>
    <ClCompile Include="src\zhangzheClass\cpp\gridPowerResult.cpp">
      <Filter>源文件</Filter>
    </ClCompile>
  </ItemGroup>
  <ItemGroup>
    <ResourceCompile Include="GProjectDemo2.rc">
      <Filter>资源文件</Filter>
    </ResourceCompile>
  </ItemGroup>
</Project>