<?xml version="1.0" encoding="utf-8"?>
<Project ToolsVersion="4.0" xmlns="http://schemas.microsoft.com/developer/msbuild/2003">
  <ItemGroup>
    <Filter Include="源文件">
      <UniqueIdentifier>{4FC737F1-C7A5-4376-A066-2A32D752A2FF}</UniqueIdentifier>
      <Extensions>cpp;c;cc;cxx;def;odl;idl;hpj;bat;asm;asmx</Extensions>
    </Filter>
    <Filter Include="头文件">
      <UniqueIdentifier>{93995380-89BD-4b04-88EB-625FBE52EBFB}</UniqueIdentifier>
      <Extensions>h;hpp;hxx;hm;inl;inc;xsd</Extensions>
    </Filter>
    <Filter Include="资源文件">
      <UniqueIdentifier>{67DA6AB6-F800-4c08-8B7A-83BB121AAD01}</UniqueIdentifier>
      <Extensions>rc;ico;cur;bmp;dlg;rc2;rct;bin;rgs;gif;jpg;jpeg;jpe;resx;tiff;tif;png;wav;mfcribbon-ms</Extensions>
    </Filter>
    <Filter Include="头文件\DbClass">
      <UniqueIdentifier>{df6eb752-b73c-4186-9c38-1991ebaa62e0}</UniqueIdentifier>
    </Filter>
    <Filter Include="头文件\ExcelClass">
      <UniqueIdentifier>{94e7e57b-5e03-4467-bfcb-af080d960d38}</UniqueIdentifier>
    </Filter>
    <Filter Include="头文件\MapxClass">
      <UniqueIdentifier>{11991634-df27-4bfa-bb5a-07f33304e6df}</UniqueIdentifier>
    </Filter>
    <Filter Include="头文件\ObjectClass">
      <UniqueIdentifier>{6673fa8b-ac6d-45c4-8fdc-203c92611def}</UniqueIdentifier>
    </Filter>
    <Filter Include="头文件\ToolClass">
      <UniqueIdentifier>{0d338caa-1a43-4f4b-a8cf-f51f345a1b87}</UniqueIdentifier>
    </Filter>
    <Filter Include="头文件\zhangzheClass">
      <UniqueIdentifier>{81b0ceaa-71a3-4e81-966b-0bed7b1fdbd5}</UniqueIdentifier>
    </Filter>
    <Filter Include="源文件\ExcelClass">
      <UniqueIdentifier>{77d7929c-cbde-4b3c-9502-041c61128bd9}</UniqueIdentifier>
    </Filter>
    <Filter Include="源文件\MapxClass">
      <UniqueIdentifier>{60e56fc8-5b74-43a7-8f98-8bfc87546c8f}</UniqueIdentifier>
    </Filter>
    <Filter Include="源文件\zhangzheClass">
      <UniqueIdentifier>{f36a973a-fc50-44e7-9af6-a2815f20243c}</UniqueIdentifier>
    </Filter>
    <Filter Include="源文件\ToolClass">
      <UniqueIdentifier>{74c39766-e6b8-41be-8236-7518f878bcfd}</UniqueIdentifier>
    </Filter>
    <Filter Include="源文件\ObjectClass">
      <UniqueIdentifier>{370d0aa9-2869-4cba-9fec-552a3793d7db}</UniqueIdentifier>
    </Filter>
    <Filter Include="头文件\CoverOptimize">
      <UniqueIdentifier>{b2f6dcfc-b4d6-4bac-990a-1efb2cfa8a45}</UniqueIdentifier>
    </Filter>
    <Filter Include="源文件\CoverOptimize">
      <UniqueIdentifier>{c91033b1-1ff4-4b24-b050-ddeb2e685c7b}</UniqueIdentifier>
    </Filter>
    <Filter Include="头文件\SFROptimize">
      <UniqueIdentifier>{0409a2e4-0cd0-49b7-a924-948ac6c14ac6}</UniqueIdentifier>
    </Filter>
    <Filter Include="源文件\SFROptimize">
      <UniqueIdentifier>{0d2c3199-8a44-4bee-8f7e-807d62494dc2}</UniqueIdentifier>
    </Filter>
    <Filter Include="头文件\ANR">
      <UniqueIdentifier>{0dec27be-50c6-4677-8aea-ec9850103b71}</UniqueIdentifier>
    </Filter>
    <Filter Include="源文件\ANR">
      <UniqueIdentifier>{5c7507e5-9a79-485b-b5b9-f249dfa7d568}</UniqueIdentifier>
    </Filter>
    <Filter Include="头文件\Mif2Tab">
      <UniqueIdentifier>{ab6e0215-9fab-4526-930a-804e135444dd}</UniqueIdentifier>
    </Filter>
    <Filter Include="源文件\Mif2Tab">
      <UniqueIdentifier>{5de4c69f-bea6-4940-9219-d7c2405a32ce}</UniqueIdentifier>
    </Filter>
    <Filter Include="源文件\DbClass">
      <UniqueIdentifier>{85637d4e-c6d5-43db-991f-99dca1bc2299}</UniqueIdentifier>
    </Filter>
  </ItemGroup>
  <ItemGroup>
    <None Include="ReadMe.txt" />
    <None Include="UserImages.bmp">
      <Filter>资源文件</Filter>
    </None>
    <None Include="res\GProjectDemo2.rc2">
      <Filter>资源文件</Filter>
    </None>
    <None Include="res\GProjectDemo2Doc.ico">
      <Filter>资源文件</Filter>
    </None>
    <None Include="res\GProjectDemo2.ico">
      <Filter>资源文件</Filter>
    </None>
    <None Include="res\Toolbar.bmp">
      <Filter>资源文件</Filter>
    </None>
    <None Include="res\Toolbar256.bmp">
      <Filter>资源文件</Filter>
    </None>
    <None Include="ClassDiagram1.cd" />
  </ItemGroup>
  <ItemGroup>
    <ClInclude Include="GProjectDemo2.h">
      <Filter>头文件</Filter>
    </ClInclude>
    <ClInclude Include="stdafx.h">
      <Filter>头文件</Filter>
    </ClInclude>
    <ClInclude Include="MainFrm.h">
      <Filter>头文件</Filter>
    </ClInclude>
    <ClInclude Include="GProjectDemo2Doc.h">
      <Filter>头文件</Filter>
    </ClInclude>
    <ClInclude Include="GProjectDemo2View.h">
      <Filter>头文件</Filter>
    </ClInclude>
    <ClInclude Include="Resource.h">
      <Filter>头文件</Filter>
    </ClInclude>
    <ClInclude Include="src\DbClass\CreateSqlTool.h">
      <Filter>头文件\DbClass</Filter>
    </ClInclude>
    <ClInclude Include="src\DbClass\DataBase.h">
      <Filter>头文件\DbClass</Filter>
    </ClInclude>
    <ClInclude Include="src\DbClass\DBConnect.h">
      <Filter>头文件\DbClass</Filter>
    </ClInclude>
    <ClInclude Include="src\DbClass\DBConnPool.h">
      <Filter>头文件\DbClass</Filter>
    </ClInclude>
    <ClInclude Include="src\DbClass\DBHelper.h">
      <Filter>头文件\DbClass</Filter>
    </ClInclude>
    <ClInclude Include="src\ExcelClass\CApplication.h">
      <Filter>头文件\ExcelClass</Filter>
    </ClInclude>
    <ClInclude Include="src\ExcelClass\CRange.h">
      <Filter>头文件\ExcelClass</Filter>
    </ClInclude>
    <ClInclude Include="src\ExcelClass\CWorkbook.h">
      <Filter>头文件\ExcelClass</Filter>
    </ClInclude>
    <ClInclude Include="src\ExcelClass\CWorkbooks.h">
      <Filter>头文件\ExcelClass</Filter>
    </ClInclude>
    <ClInclude Include="src\ExcelClass\CWorksheet.h">
      <Filter>头文件\ExcelClass</Filter>
    </ClInclude>
    <ClInclude Include="src\ExcelClass\CWorksheets.h">
      <Filter>头文件\ExcelClass</Filter>
    </ClInclude>
    <ClInclude Include="src\ExcelClass\OperateExcelFileTool.h">
      <Filter>头文件\ExcelClass</Filter>
    </ClInclude>
    <ClInclude Include="src\MapxClass\MAPX.H">
      <Filter>头文件\MapxClass</Filter>
    </ClInclude>
    <ClInclude Include="src\ObjectClass\AntannaTypeDefine.h">
      <Filter>头文件\ObjectClass</Filter>
    </ClInclude>
    <ClInclude Include="src\ObjectClass\Area.h">
      <Filter>头文件\ObjectClass</Filter>
    </ClInclude>
    <ClInclude Include="src\ObjectClass\AreaGrid.h">
      <Filter>头文件\ObjectClass</Filter>
    </ClInclude>
    <ClInclude Include="src\ObjectClass\Building.h">
      <Filter>头文件\ObjectClass</Filter>
    </ClInclude>
    <ClInclude Include="src\ObjectClass\BuildingArea.h">
      <Filter>头文件\ObjectClass</Filter>
    </ClInclude>
    <ClInclude Include="src\ObjectClass\BuildingBuildingPoint.h">
      <Filter>头文件\ObjectClass</Filter>
    </ClInclude>
    <ClInclude Include="src\ObjectClass\BuildingGrid.h">
      <Filter>头文件\ObjectClass</Filter>
    </ClInclude>
    <ClInclude Include="src\ObjectClass\BuildingMaterial.h">
      <Filter>头文件\ObjectClass</Filter>
    </ClInclude>
    <ClInclude Include="src\ObjectClass\BuildingPoint.h">
      <Filter>头文件\ObjectClass</Filter>
    </ClInclude>
    <ClInclude Include="src\ObjectClass\BuildingPointParamObject.h">
      <Filter>头文件\ObjectClass</Filter>
    </ClInclude>
    <ClInclude Include="src\ObjectClass\CoverTypeDefine.h">
      <Filter>头文件\ObjectClass</Filter>
    </ClInclude>
    <ClInclude Include="src\ObjectClass\FreqTypeDefine.h">
      <Filter>头文件\ObjectClass</Filter>
    </ClInclude>
    <ClInclude Include="src\ObjectClass\Grid.h">
      <Filter>头文件\ObjectClass</Filter>
    </ClInclude>
    <ClInclude Include="src\ObjectClass\GridStrengthObject.h">
      <Filter>头文件\ObjectClass</Filter>
    </ClInclude>
    <ClInclude Include="src\ObjectClass\RTData.h">
      <Filter>头文件\ObjectClass</Filter>
    </ClInclude>
    <ClInclude Include="src\ToolClass\ChangeTypeTool.h">
      <Filter>头文件\ToolClass</Filter>
    </ClInclude>
    <ClInclude Include="src\ToolClass\GetDistanceTool.h">
      <Filter>头文件\ToolClass</Filter>
    </ClInclude>
    <ClInclude Include="src\ToolClass\GetLonLatBoundsTool.h">
      <Filter>头文件\ToolClass</Filter>
    </ClInclude>
    <ClInclude Include="src\ToolClass\GetStrongestStrength.h">
      <Filter>头文件\ToolClass</Filter>
    </ClInclude>
    <ClInclude Include="src\ToolClass\GridBSDistanceCal.h">
      <Filter>头文件\ToolClass</Filter>
    </ClInclude>
    <ClInclude Include="src\ToolClass\InsertRTGridIdTool.h">
      <Filter>头文件\ToolClass</Filter>
    </ClInclude>
    <ClInclude Include="src\ToolClass\MakeGrid.h">
      <Filter>头文件\ToolClass</Filter>
    </ClInclude>
    <ClInclude Include="src\ToolClass\MakeGridFileTool.h">
      <Filter>头文件\ToolClass</Filter>
    </ClInclude>
    <ClInclude Include="src\ToolClass\PutXY.h">
      <Filter>头文件\ToolClass</Filter>
    </ClInclude>
    <ClInclude Include="src\ToolClass\RecordAreaGridIntersectionTool.h">
      <Filter>头文件\ToolClass</Filter>
    </ClInclude>
    <ClInclude Include="src\ToolClass\RecordAreaInfoTool.h">
      <Filter>头文件\ToolClass</Filter>
    </ClInclude>
    <ClInclude Include="src\ToolClass\RecordBuildingPointTool.h">
      <Filter>头文件\ToolClass</Filter>
    </ClInclude>
    <ClInclude Include="src\ToolClass\RecordGridBuildingIntersectionTool.h">
      <Filter>头文件\ToolClass</Filter>
    </ClInclude>
    <ClInclude Include="src\ToolClass\RecordGridInfoTool.h">
      <Filter>头文件\ToolClass</Filter>
    </ClInclude>
    <ClInclude Include="src\ToolClass\RecordRTData.h">
      <Filter>头文件\ToolClass</Filter>
    </ClInclude>
    <ClInclude Include="src\ToolClass\SetGridColorTool.h">
      <Filter>头文件\ToolClass</Filter>
    </ClInclude>
    <ClInclude Include="src\ToolClass\StringParser.h">
      <Filter>头文件\ToolClass</Filter>
    </ClInclude>
    <ClInclude Include="src\zhangzheClass\complex.h">
      <Filter>头文件\zhangzheClass</Filter>
    </ClInclude>
    <ClInclude Include="src\zhangzheClass\findGrid.h">
      <Filter>头文件\zhangzheClass</Filter>
    </ClInclude>
    <ClInclude Include="src\zhangzheClass\firstReflectionNew.h">
      <Filter>头文件\zhangzheClass</Filter>
    </ClInclude>
    <ClInclude Include="src\zhangzheClass\gridPower.h">
      <Filter>头文件\zhangzheClass</Filter>
    </ClInclude>
    <ClInclude Include="src\zhangzheClass\gridPowerResult.h">
      <Filter>头文件\zhangzheClass</Filter>
    </ClInclude>
    <ClInclude Include="src\zhangzheClass\line.h">
      <Filter>头文件\zhangzheClass</Filter>
    </ClInclude>
    <ClInclude Include="src\zhangzheClass\MyPoint.h">
      <Filter>头文件\zhangzheClass</Filter>
    </ClInclude>
    <ClInclude Include="src\zhangzheClass\rayInit.h">
      <Filter>头文件\zhangzheClass</Filter>
    </ClInclude>
    <ClInclude Include="src\zhangzheClass\rayManage.h">
      <Filter>头文件\zhangzheClass</Filter>
    </ClInclude>
    <ClInclude Include="src\zhangzheClass\rayPath.h">
      <Filter>头文件\zhangzheClass</Filter>
    </ClInclude>
    <ClInclude Include="src\zhangzheClass\shootingRay.h">
      <Filter>头文件\zhangzheClass</Filter>
    </ClInclude>
    <ClInclude Include="src\zhangzheClass\Staining.h">
      <Filter>头文件\zhangzheClass</Filter>
    </ClInclude>
    <ClInclude Include="src\CoverOptimize\OverLay.h">
      <Filter>头文件\CoverOptimize</Filter>
    </ClInclude>
    <ClInclude Include="src\CoverOptimize\pollution.h">
      <Filter>头文件\CoverOptimize</Filter>
    </ClInclude>
    <ClInclude Include="src\CoverOptimize\WeakLay.h">
      <Filter>头文件\CoverOptimize</Filter>
    </ClInclude>
    <ClInclude Include="src\SFROptimize\User.h">
      <Filter>头文件\SFROptimize</Filter>
    </ClInclude>
    <ClInclude Include="src\SFROptimize\OldArea.h">
      <Filter>头文件\SFROptimize</Filter>
    </ClInclude>
    <ClInclude Include="src\SFROptimize\NewArea.h">
      <Filter>头文件\SFROptimize</Filter>
    </ClInclude>
    <ClInclude Include="src\SFROptimize\Rbs.h">
      <Filter>头文件\SFROptimize</Filter>
    </ClInclude>
    <ClInclude Include="src\SFROptimize\SFROptimize.h">
      <Filter>头文件\SFROptimize</Filter>
    </ClInclude>
    <ClInclude Include="src\ToolClass\RecordAdjAreaForSfrTool.h">
      <Filter>头文件\ToolClass</Filter>
    </ClInclude>
    <ClInclude Include="src\SFROptimize\NewRbs.h">
      <Filter>头文件\SFROptimize</Filter>
    </ClInclude>
    <ClInclude Include="src\ANR\ANROptimize.h">
      <Filter>头文件\ANR</Filter>
    </ClInclude>
    <ClInclude Include="src\ANR\AreaANR.h">
      <Filter>头文件\ANR</Filter>
    </ClInclude>
    <ClInclude Include="src\ANR\UserANR.h">
      <Filter>头文件\ANR</Filter>
    </ClInclude>
    <ClInclude Include="src\ToolClass\SetDb.h">
      <Filter>头文件\ToolClass</Filter>
    </ClInclude>
    <ClInclude Include="src\Mif2Tab\SHFileInfo.h">
      <Filter>头文件\Mif2Tab</Filter>
    </ClInclude>
    <ClInclude Include="src\Mif2Tab\TAB2MIF.h">
      <Filter>头文件\Mif2Tab</Filter>
    </ClInclude>
    <ClInclude Include="src\Mif2Tab\Tab2Shp.h">
      <Filter>头文件\Mif2Tab</Filter>
    </ClInclude>
    <ClInclude Include="src\ToolClass\WriteTxt.h">
      <Filter>头文件\ToolClass</Filter>
    </ClInclude>
    <ClInclude Include="src\ToolClass\ShowInfoMB.h">
      <Filter>头文件\ToolClass</Filter>
    </ClInclude>
    <ClInclude Include="src\ToolClass\ShowGridArea.h">
      <Filter>头文件\ToolClass</Filter>
    </ClInclude>
    <ClInclude Include="src\Mif2Tab\Mif2Tab.h">
      <Filter>头文件\Mif2Tab</Filter>
    </ClInclude>
    <ClInclude Include="src\CoverOptimize\SetCellDialog.h">
      <Filter>头文件\CoverOptimize</Filter>
    </ClInclude>
    <ClInclude Include="targetver.h">
      <Filter>源文件\ANR</Filter>
    </ClInclude>
    <ClInclude Include="src\ANR\XCFileStream.h">
      <Filter>头文件\ANR</Filter>
    </ClInclude>
    <ClInclude Include="MyProcess.h">
      <Filter>头文件</Filter>
    </ClInclude>
    <ClInclude Include="src\SFROptimize\DrawPic.h">
      <Filter>头文件\SFROptimize</Filter>
    </ClInclude>
    <ClInclude Include="src\ToolClass\MyProcess.h">
      <Filter>头文件\ToolClass</Filter>
    </ClInclude>
    <ClInclude Include="src\anr\DrawAnrPic.h">
      <Filter>头文件\ANR</Filter>
    </ClInclude>
  </ItemGroup>
  <ItemGroup>
    <ClCompile Include="GProjectDemo2.cpp">
      <Filter>源文件</Filter>
    </ClCompile>
    <ClCompile Include="stdafx.cpp">
      <Filter>源文件</Filter>
    </ClCompile>
    <ClCompile Include="MainFrm.cpp">
      <Filter>源文件</Filter>
    </ClCompile>
    <ClCompile Include="GProjectDemo2Doc.cpp">
      <Filter>源文件</Filter>
    </ClCompile>
    <ClCompile Include="GProjectDemo2View.cpp">
      <Filter>源文件</Filter>
    </ClCompile>
    <ClCompile Include="src\DbClass\CreateSqlTool.cpp">
      <Filter>源文件\DbClass</Filter>
    </ClCompile>
    <ClCompile Include="src\DbClass\DataBase.cpp">
      <Filter>源文件\DbClass</Filter>
    </ClCompile>
    <ClCompile Include="src\DbClass\DBConnect.cpp">
      <Filter>源文件\DbClass</Filter>
    </ClCompile>
    <ClCompile Include="src\DbClass\DBConnPool.cpp">
      <Filter>源文件\DbClass</Filter>
    </ClCompile>
    <ClCompile Include="src\DbClass\DBHelper.cpp">
      <Filter>源文件\DbClass</Filter>
    </ClCompile>
    <ClCompile Include="src\ExcelClass\OperateExcelFileTool.cpp">
      <Filter>源文件\ExcelClass</Filter>
    </ClCompile>
    <ClCompile Include="src\MapxClass\MAPX.CPP">
      <Filter>源文件\MapxClass</Filter>
    </ClCompile>
    <ClCompile Include="src\ObjectClass\AntannaTypeDefine.cpp">
      <Filter>源文件\ObjectClass</Filter>
    </ClCompile>
    <ClCompile Include="src\ObjectClass\Area.cpp">
      <Filter>源文件\ObjectClass</Filter>
    </ClCompile>
    <ClCompile Include="src\ObjectClass\AreaGrid.cpp">
      <Filter>源文件\ObjectClass</Filter>
    </ClCompile>
    <ClCompile Include="src\ObjectClass\Building.cpp">
      <Filter>源文件\ObjectClass</Filter>
    </ClCompile>
    <ClCompile Include="src\ObjectClass\BuildingArea.cpp">
      <Filter>源文件\ObjectClass</Filter>
    </ClCompile>
    <ClCompile Include="src\ObjectClass\BuildingBuildingPoint.cpp">
      <Filter>源文件\ObjectClass</Filter>
    </ClCompile>
    <ClCompile Include="src\ObjectClass\BuildingGrid.cpp">
      <Filter>源文件\ObjectClass</Filter>
    </ClCompile>
    <ClCompile Include="src\ObjectClass\BuildingMaterial.cpp">
      <Filter>源文件\ObjectClass</Filter>
    </ClCompile>
    <ClCompile Include="src\ObjectClass\BuildingPoint.cpp">
      <Filter>源文件\ObjectClass</Filter>
    </ClCompile>
    <ClCompile Include="src\ObjectClass\BuildingPointParamObject.cpp">
      <Filter>源文件\ObjectClass</Filter>
    </ClCompile>
    <ClCompile Include="src\ObjectClass\CoverTypeDefine.cpp">
      <Filter>源文件\ObjectClass</Filter>
    </ClCompile>
    <ClCompile Include="src\ObjectClass\FreqTypeDefine.cpp">
      <Filter>源文件\ObjectClass</Filter>
    </ClCompile>
    <ClCompile Include="src\ObjectClass\Grid.cpp">
      <Filter>源文件\ObjectClass</Filter>
    </ClCompile>
    <ClCompile Include="src\ObjectClass\GridStrengthObject.cpp">
      <Filter>源文件\ObjectClass</Filter>
    </ClCompile>
    <ClCompile Include="src\ObjectClass\RTData.cpp">
      <Filter>源文件\ObjectClass</Filter>
    </ClCompile>
    <ClCompile Include="src\ToolClass\ChangeTypeTool.cpp">
      <Filter>源文件\ToolClass</Filter>
    </ClCompile>
    <ClCompile Include="src\ToolClass\GetDistanceTool.cpp">
      <Filter>源文件\ToolClass</Filter>
    </ClCompile>
    <ClCompile Include="src\ToolClass\GetLonLatBoundsTool.cpp">
      <Filter>源文件\ToolClass</Filter>
    </ClCompile>
    <ClCompile Include="src\ToolClass\GetStrongestStrength.cpp">
      <Filter>源文件\ToolClass</Filter>
    </ClCompile>
    <ClCompile Include="src\ToolClass\GridBSDistanceCal.cpp">
      <Filter>源文件\ToolClass</Filter>
    </ClCompile>
    <ClCompile Include="src\ToolClass\gridPowerResult.cpp">
      <Filter>源文件\ToolClass</Filter>
    </ClCompile>
    <ClCompile Include="src\ToolClass\InsertRTGridIdTool.cpp">
      <Filter>源文件\ToolClass</Filter>
    </ClCompile>
    <ClCompile Include="src\ToolClass\MakeGrid.cpp">
      <Filter>源文件\ToolClass</Filter>
    </ClCompile>
    <ClCompile Include="src\ToolClass\MakeGridFileTool.cpp">
      <Filter>源文件\ToolClass</Filter>
    </ClCompile>
    <ClCompile Include="src\ToolClass\PutXY.cpp">
      <Filter>源文件\ToolClass</Filter>
    </ClCompile>
    <ClCompile Include="src\ToolClass\RecordAreaGridIntersectionTool.cpp">
      <Filter>源文件\ToolClass</Filter>
    </ClCompile>
    <ClCompile Include="src\ToolClass\RecordAreaInfoTool.cpp">
      <Filter>源文件\ToolClass</Filter>
    </ClCompile>
    <ClCompile Include="src\ToolClass\RecordBuildingPointTool.cpp">
      <Filter>源文件\ToolClass</Filter>
    </ClCompile>
    <ClCompile Include="src\ToolClass\RecordGridBuildingIntersectionTool.cpp">
      <Filter>源文件\ToolClass</Filter>
    </ClCompile>
    <ClCompile Include="src\ToolClass\RecordGridInfoTool.cpp">
      <Filter>源文件\ToolClass</Filter>
    </ClCompile>
    <ClCompile Include="src\ToolClass\RecordRTData.cpp">
      <Filter>源文件\ToolClass</Filter>
    </ClCompile>
    <ClCompile Include="src\ToolClass\SetGridColorTool.cpp">
      <Filter>源文件\ToolClass</Filter>
    </ClCompile>
    <ClCompile Include="src\ToolClass\StringParser.cpp">
      <Filter>源文件\ToolClass</Filter>
    </ClCompile>
    <ClCompile Include="src\zhangzheClass\complex.cpp">
      <Filter>源文件\zhangzheClass</Filter>
    </ClCompile>
    <ClCompile Include="src\zhangzheClass\findGrid.cpp">
      <Filter>源文件\zhangzheClass</Filter>
    </ClCompile>
    <ClCompile Include="src\zhangzheClass\firstReflectionNew.cpp">
      <Filter>源文件\zhangzheClass</Filter>
    </ClCompile>
    <ClCompile Include="src\zhangzheClass\gridPower.cpp">
      <Filter>源文件\zhangzheClass</Filter>
    </ClCompile>
    <ClCompile Include="src\zhangzheClass\gridPowerResult.cpp">
      <Filter>源文件\zhangzheClass</Filter>
    </ClCompile>
    <ClCompile Include="src\zhangzheClass\rayInit.cpp">
      <Filter>源文件\zhangzheClass</Filter>
    </ClCompile>
    <ClCompile Include="src\zhangzheClass\rayManage.cpp">
      <Filter>源文件\zhangzheClass</Filter>
    </ClCompile>
    <ClCompile Include="src\zhangzheClass\shootingRay.cpp">
      <Filter>源文件\zhangzheClass</Filter>
    </ClCompile>
    <ClCompile Include="src\zhangzheClass\Staining.cpp">
      <Filter>源文件\zhangzheClass</Filter>
    </ClCompile>
    <ClCompile Include="src\CoverOptimize\OverLay.cpp">
      <Filter>源文件\CoverOptimize</Filter>
    </ClCompile>
    <ClCompile Include="src\CoverOptimize\pollution.cpp">
      <Filter>源文件\CoverOptimize</Filter>
    </ClCompile>
    <ClCompile Include="src\CoverOptimize\WeakLay.cpp">
      <Filter>源文件\CoverOptimize</Filter>
    </ClCompile>
    <ClCompile Include="src\SFROptimize\OldArea.cpp">
      <Filter>源文件\SFROptimize</Filter>
    </ClCompile>
    <ClCompile Include="src\SFROptimize\SFROptimize.cpp">
      <Filter>源文件\SFROptimize</Filter>
    </ClCompile>
    <ClCompile Include="src\ToolClass\RecordAdjAreaForSfrTool.cpp">
      <Filter>源文件\ToolClass</Filter>
    </ClCompile>
    <ClCompile Include="src\SFROptimize\NewArea.cpp">
      <Filter>源文件\SFROptimize</Filter>
    </ClCompile>
    <ClCompile Include="src\ANR\ANROptimize.cpp">
      <Filter>源文件\ANR</Filter>
    </ClCompile>
    <ClCompile Include="src\ToolClass\SetDb.cpp">
      <Filter>源文件\ToolClass</Filter>
    </ClCompile>
    <ClCompile Include="src\Mif2Tab\SHFileInfo.cpp">
      <Filter>源文件\Mif2Tab</Filter>
    </ClCompile>
    <ClCompile Include="src\ToolClass\WriteTxt.cpp">
      <Filter>源文件\ToolClass</Filter>
    </ClCompile>
    <ClCompile Include="src\ToolClass\ShowInfoMB.cpp">
      <Filter>源文件\ToolClass</Filter>
    </ClCompile>
    <ClCompile Include="src\ToolClass\ShowGridArea.cpp">
      <Filter>源文件\ToolClass</Filter>
    </ClCompile>
    <ClCompile Include="src\CoverOptimize\SetCellDialog.cpp">
      <Filter>源文件\CoverOptimize</Filter>
    </ClCompile>
    <ClCompile Include="src\Mif2Tab\Mif2Tab.cpp">
      <Filter>源文件\Mif2Tab</Filter>
    </ClCompile>
    <ClCompile Include="src\ANR\XCFileStream.cpp">
      <Filter>源文件\ANR</Filter>
    </ClCompile>
    <ClCompile Include="src\ToolClass\MyProcess.cpp">
      <Filter>源文件\ToolClass</Filter>
    </ClCompile>
    <ClCompile Include="src\SFROptimize\DrawPic.cpp">
      <Filter>源文件\SFROptimize</Filter>
    </ClCompile>
    <ClCompile Include="src\ANR\DrawAnrPic.cpp">
      <Filter>源文件\ANR</Filter>
    </ClCompile>
  </ItemGroup>
  <ItemGroup>
    <ResourceCompile Include="GProjectDemo2.rc">
      <Filter>资源文件</Filter>
    </ResourceCompile>
  </ItemGroup>
</Project>